
Microsoft Visual Studio Solution File, Format Version 12.00
# Visual Studio Version 17
VisualStudioVersion = 17.9.34723.18
MinimumVisualStudioVersion = 10.0.40219.1
Project("{FAE04EC0-301F-11D3-BF4B-00C04F79EFBC}") = "TechMate Inventory", "TechMate Inventory\TechMate Inventory.csproj", "{C6147648-CD08-4CC1-BD6D-DD04D18967D5}"
EndProject
Project("{2150E333-8FDC-42A3-9474-1A3956D46DE8}") = "Elementos de la solución", "Elementos de la solución", "{D31A642D-1090-476B-9DFA-D03E01973D7A}"
	ProjectSection(SolutionItems) = preProject
		..\..\..\OneDrive\Documentos\Visual Studio 2022\Templates\ItemTemplates\Material CRUD PopUp.zip = ..\..\..\OneDrive\Documentos\Visual Studio 2022\Templates\ItemTemplates\Material CRUD PopUp.zip
		..\..\..\OneDrive\Documentos\Visual Studio 2022\My Exported Templates\Material CRUD PopUp\MyTemplate.vstemplate = ..\..\..\OneDrive\Documentos\Visual Studio 2022\My Exported Templates\Material CRUD PopUp\MyTemplate.vstemplate
	EndProjectSection
EndProject
Global
	GlobalSection(SolutionConfigurationPlatforms) = preSolution
		Debug|Any CPU = Debug|Any CPU
		Release|Any CPU = Release|Any CPU
	EndGlobalSection
	GlobalSection(ProjectConfigurationPlatforms) = postSolution
		{C6147648-CD08-4CC1-BD6D-DD04D18967D5}.Debug|Any CPU.ActiveCfg = Debug|Any CPU
		{C6147648-CD08-4CC1-BD6D-DD04D18967D5}.Debug|Any CPU.Build.0 = Debug|Any CPU
		{C6147648-CD08-4CC1-BD6D-DD04D18967D5}.Release|Any CPU.ActiveCfg = Release|Any CPU
		{C6147648-CD08-4CC1-BD6D-DD04D18967D5}.Release|Any CPU.Build.0 = Release|Any CPU
	EndGlobalSection
	GlobalSection(SolutionProperties) = preSolution
		HideSolutionNode = FALSE
	EndGlobalSection
	GlobalSection(ExtensibilityGlobals) = postSolution
		SolutionGuid = {12D14EB5-0279-4A8D-AD88-BC1822482030}
	EndGlobalSection
EndGlobal
